
Microsoft Visual Studio Solution File, Format Version 12.00
# Visual Studio Version 17
VisualStudioVersion = 17.1.32210.238
MinimumVisualStudioVersion = 10.0.40219.1
Project("{8BC9CEB8-8B4A-11D0-8D11-00A0C91BC942}") = "AIModels", "engine\AIModels\AIModels.vcxproj", "{5209CBE1-E182-4C38-B167-98DC05595993}"
EndProject
Project("{8BC9CEB8-8B4A-11D0-8D11-00A0C91BC942}") = "FileIO", "engine\FileIO\FileIO.vcxproj", "{9F5C53DB-6685-4419-8685-7C3BC87D2908}"
EndProject
Project("{8BC9CEB8-8B4A-11D0-8D11-00A0C91BC942}") = "Math", "engine\Math\Math.vcxproj", "{C5CEFF57-33A2-424B-BBCE-600AE5A992E4}"
EndProject
Project("{8BC9CEB8-8B4A-11D0-8D11-00A0C91BC942}") = "Renderer", "engine\Renderer\Renderer.vcxproj", "{499C1C31-BD61-455F-B75C-23B6C245C5F4}"
	ProjectSection(ProjectDependencies) = postProject
		{9F5C53DB-6685-4419-8685-7C3BC87D2908} = {9F5C53DB-6685-4419-8685-7C3BC87D2908}
	EndProjectSection
EndProject
Project("{8BC9CEB8-8B4A-11D0-8D11-00A0C91BC942}") = "UIEventHandler", "engine\UIEventHandler\UIEventHandler.vcxproj", "{AF75D88C-E82C-41A2-AB87-AD411282E876}"
EndProject
Project("{8BC9CEB8-8B4A-11D0-8D11-00A0C91BC942}") = "MiteVox", "engine\MiteVox\MiteVox.vcxproj", "{332C0094-8A1F-4E98-87E1-5EE1DC285D4E}"
	ProjectSection(ProjectDependencies) = postProject
		{499C1C31-BD61-455F-B75C-23B6C245C5F4} = {499C1C31-BD61-455F-B75C-23B6C245C5F4}
		{55055148-F312-4F5E-8AB5-621C41CF5C30} = {55055148-F312-4F5E-8AB5-621C41CF5C30}
		{C5CEFF57-33A2-424B-BBCE-600AE5A992E4} = {C5CEFF57-33A2-424B-BBCE-600AE5A992E4}
		{AF75D88C-E82C-41A2-AB87-AD411282E876} = {AF75D88C-E82C-41A2-AB87-AD411282E876}
		{012371CA-BD43-42DB-A558-E6758EE05D20} = {012371CA-BD43-42DB-A558-E6758EE05D20}
		{9F5C53DB-6685-4419-8685-7C3BC87D2908} = {9F5C53DB-6685-4419-8685-7C3BC87D2908}
		{5209CBE1-E182-4C38-B167-98DC05595993} = {5209CBE1-E182-4C38-B167-98DC05595993}
	EndProjectSection
EndProject
Project("{8BC9CEB8-8B4A-11D0-8D11-00A0C91BC942}") = "DemoProject", "sandbox\DemoProject\DemoProject.vcxproj", "{BB677B66-73CB-4E5D-BF4A-1B4519EBBBF3}"
	ProjectSection(ProjectDependencies) = postProject
		{499C1C31-BD61-455F-B75C-23B6C245C5F4} = {499C1C31-BD61-455F-B75C-23B6C245C5F4}
		{332C0094-8A1F-4E98-87E1-5EE1DC285D4E} = {332C0094-8A1F-4E98-87E1-5EE1DC285D4E}
	EndProjectSection
EndProject
Project("{8BC9CEB8-8B4A-11D0-8D11-00A0C91BC942}") = "Profiler", "engine\Profiler\Profiler.vcxproj", "{55055148-F312-4F5E-8AB5-621C41CF5C30}"
EndProject
Project("{8BC9CEB8-8B4A-11D0-8D11-00A0C91BC942}") = "CodeSafety", "engine\CodeSafety\CodeSafety.vcxproj", "{012371CA-BD43-42DB-A558-E6758EE05D20}"
EndProject
Global
	GlobalSection(SolutionConfigurationPlatforms) = preSolution
		Debug|Any CPU = Debug|Any CPU
		Debug|Win32 = Debug|Win32
		Debug|x64 = Debug|x64
		Release|Any CPU = Release|Any CPU
		Release|Win32 = Release|Win32
		Release|x64 = Release|x64
	EndGlobalSection
	GlobalSection(ProjectConfigurationPlatforms) = postSolution
		{5209CBE1-E182-4C38-B167-98DC05595993}.Debug|Any CPU.ActiveCfg = Debug|Win32
		{5209CBE1-E182-4C38-B167-98DC05595993}.Debug|Win32.ActiveCfg = Debug|Win32
		{5209CBE1-E182-4C38-B167-98DC05595993}.Debug|Win32.Build.0 = Debug|Win32
		{5209CBE1-E182-4C38-B167-98DC05595993}.Debug|x64.ActiveCfg = Debug|Win32
		{5209CBE1-E182-4C38-B167-98DC05595993}.Release|Any CPU.ActiveCfg = Release|Win32
		{5209CBE1-E182-4C38-B167-98DC05595993}.Release|Win32.ActiveCfg = Release|Win32
		{5209CBE1-E182-4C38-B167-98DC05595993}.Release|Win32.Build.0 = Release|Win32
		{5209CBE1-E182-4C38-B167-98DC05595993}.Release|x64.ActiveCfg = Release|Win32
		{9F5C53DB-6685-4419-8685-7C3BC87D2908}.Debug|Any CPU.ActiveCfg = Debug|Win32
		{9F5C53DB-6685-4419-8685-7C3BC87D2908}.Debug|Win32.ActiveCfg = Debug|Win32
		{9F5C53DB-6685-4419-8685-7C3BC87D2908}.Debug|Win32.Build.0 = Debug|Win32
		{9F5C53DB-6685-4419-8685-7C3BC87D2908}.Debug|x64.ActiveCfg = Debug|x64
		{9F5C53DB-6685-4419-8685-7C3BC87D2908}.Debug|x64.Build.0 = Debug|x64
		{9F5C53DB-6685-4419-8685-7C3BC87D2908}.Release|Any CPU.ActiveCfg = Release|Win32
		{9F5C53DB-6685-4419-8685-7C3BC87D2908}.Release|Win32.ActiveCfg = Release|Win32
		{9F5C53DB-6685-4419-8685-7C3BC87D2908}.Release|Win32.Build.0 = Release|Win32
		{9F5C53DB-6685-4419-8685-7C3BC87D2908}.Release|x64.ActiveCfg = Release|x64
		{9F5C53DB-6685-4419-8685-7C3BC87D2908}.Release|x64.Build.0 = Release|x64
		{C5CEFF57-33A2-424B-BBCE-600AE5A992E4}.Debug|Any CPU.ActiveCfg = Debug|Win32
		{C5CEFF57-33A2-424B-BBCE-600AE5A992E4}.Debug|Win32.ActiveCfg = Debug|Win32
		{C5CEFF57-33A2-424B-BBCE-600AE5A992E4}.Debug|Win32.Build.0 = Debug|Win32
		{C5CEFF57-33A2-424B-BBCE-600AE5A992E4}.Debug|x64.ActiveCfg = Debug|x64
		{C5CEFF57-33A2-424B-BBCE-600AE5A992E4}.Debug|x64.Build.0 = Debug|x64
		{C5CEFF57-33A2-424B-BBCE-600AE5A992E4}.Release|Any CPU.ActiveCfg = Release|Win32
		{C5CEFF57-33A2-424B-BBCE-600AE5A992E4}.Release|Win32.ActiveCfg = Release|Win32
		{C5CEFF57-33A2-424B-BBCE-600AE5A992E4}.Release|Win32.Build.0 = Release|Win32
		{C5CEFF57-33A2-424B-BBCE-600AE5A992E4}.Release|x64.ActiveCfg = Release|x64
		{C5CEFF57-33A2-424B-BBCE-600AE5A992E4}.Release|x64.Build.0 = Release|x64
		{499C1C31-BD61-455F-B75C-23B6C245C5F4}.Debug|Any CPU.ActiveCfg = Debug|Win32
		{499C1C31-BD61-455F-B75C-23B6C245C5F4}.Debug|Win32.ActiveCfg = Debug|Win32
		{499C1C31-BD61-455F-B75C-23B6C245C5F4}.Debug|Win32.Build.0 = Debug|Win32
		{499C1C31-BD61-455F-B75C-23B6C245C5F4}.Debug|x64.ActiveCfg = Debug|x64
		{499C1C31-BD61-455F-B75C-23B6C245C5F4}.Debug|x64.Build.0 = Debug|x64
		{499C1C31-BD61-455F-B75C-23B6C245C5F4}.Release|Any CPU.ActiveCfg = Release|Win32
		{499C1C31-BD61-455F-B75C-23B6C245C5F4}.Release|Win32.ActiveCfg = Release|Win32
		{499C1C31-BD61-455F-B75C-23B6C245C5F4}.Release|Win32.Build.0 = Release|Win32
		{499C1C31-BD61-455F-B75C-23B6C245C5F4}.Release|x64.ActiveCfg = Release|x64
		{499C1C31-BD61-455F-B75C-23B6C245C5F4}.Release|x64.Build.0 = Release|x64
		{AF75D88C-E82C-41A2-AB87-AD411282E876}.Debug|Any CPU.ActiveCfg = Debug|Win32
		{AF75D88C-E82C-41A2-AB87-AD411282E876}.Debug|Win32.ActiveCfg = Debug|Win32
		{AF75D88C-E82C-41A2-AB87-AD411282E876}.Debug|Win32.Build.0 = Debug|Win32
		{AF75D88C-E82C-41A2-AB87-AD411282E876}.Debug|x64.ActiveCfg = Debug|x64
		{AF75D88C-E82C-41A2-AB87-AD411282E876}.Debug|x64.Build.0 = Debug|x64
		{AF75D88C-E82C-41A2-AB87-AD411282E876}.Release|Any CPU.ActiveCfg = Release|Win32
		{AF75D88C-E82C-41A2-AB87-AD411282E876}.Release|Win32.ActiveCfg = Release|Win32
		{AF75D88C-E82C-41A2-AB87-AD411282E876}.Release|Win32.Build.0 = Release|Win32
		{AF75D88C-E82C-41A2-AB87-AD411282E876}.Release|x64.ActiveCfg = Release|x64
		{AF75D88C-E82C-41A2-AB87-AD411282E876}.Release|x64.Build.0 = Release|x64
		{332C0094-8A1F-4E98-87E1-5EE1DC285D4E}.Debug|Any CPU.ActiveCfg = Debug|Win32
		{332C0094-8A1F-4E98-87E1-5EE1DC285D4E}.Debug|Win32.ActiveCfg = Debug|Win32
		{332C0094-8A1F-4E98-87E1-5EE1DC285D4E}.Debug|Win32.Build.0 = Debug|Win32
		{332C0094-8A1F-4E98-87E1-5EE1DC285D4E}.Debug|x64.ActiveCfg = Debug|Win32
		{332C0094-8A1F-4E98-87E1-5EE1DC285D4E}.Release|Any CPU.ActiveCfg = Release|Win32
		{332C0094-8A1F-4E98-87E1-5EE1DC285D4E}.Release|Win32.ActiveCfg = Release|Win32
		{332C0094-8A1F-4E98-87E1-5EE1DC285D4E}.Release|Win32.Build.0 = Release|Win32
		{332C0094-8A1F-4E98-87E1-5EE1DC285D4E}.Release|x64.ActiveCfg = Release|Win32
		{BB677B66-73CB-4E5D-BF4A-1B4519EBBBF3}.Debug|Any CPU.ActiveCfg = Debug|Win32
		{BB677B66-73CB-4E5D-BF4A-1B4519EBBBF3}.Debug|Win32.ActiveCfg = Debug|Win32
		{BB677B66-73CB-4E5D-BF4A-1B4519EBBBF3}.Debug|Win32.Build.0 = Debug|Win32
		{BB677B66-73CB-4E5D-BF4A-1B4519EBBBF3}.Debug|x64.ActiveCfg = Debug|x64
		{BB677B66-73CB-4E5D-BF4A-1B4519EBBBF3}.Debug|x64.Build.0 = Debug|x64
		{BB677B66-73CB-4E5D-BF4A-1B4519EBBBF3}.Release|Any CPU.ActiveCfg = Release|Win32
		{BB677B66-73CB-4E5D-BF4A-1B4519EBBBF3}.Release|Win32.ActiveCfg = Release|Win32
		{BB677B66-73CB-4E5D-BF4A-1B4519EBBBF3}.Release|Win32.Build.0 = Release|Win32
		{BB677B66-73CB-4E5D-BF4A-1B4519EBBBF3}.Release|x64.ActiveCfg = Release|x64
		{BB677B66-73CB-4E5D-BF4A-1B4519EBBBF3}.Release|x64.Build.0 = Release|x64
		{55055148-F312-4F5E-8AB5-621C41CF5C30}.Debug|Any CPU.ActiveCfg = Debug|Win32
		{55055148-F312-4F5E-8AB5-621C41CF5C30}.Debug|Win32.ActiveCfg = Debug|Win32
		{55055148-F312-4F5E-8AB5-621C41CF5C30}.Debug|Win32.Build.0 = Debug|Win32
		{55055148-F312-4F5E-8AB5-621C41CF5C30}.Debug|x64.ActiveCfg = Debug|x64
		{55055148-F312-4F5E-8AB5-621C41CF5C30}.Debug|x64.Build.0 = Debug|x64
		{55055148-F312-4F5E-8AB5-621C41CF5C30}.Release|Any CPU.ActiveCfg = Release|Win32
		{55055148-F312-4F5E-8AB5-621C41CF5C30}.Release|Win32.ActiveCfg = Release|Win32
		{55055148-F312-4F5E-8AB5-621C41CF5C30}.Release|Win32.Build.0 = Release|Win32
		{55055148-F312-4F5E-8AB5-621C41CF5C30}.Release|x64.ActiveCfg = Release|x64
		{55055148-F312-4F5E-8AB5-621C41CF5C30}.Release|x64.Build.0 = Release|x64
		{012371CA-BD43-42DB-A558-E6758EE05D20}.Debug|Any CPU.ActiveCfg = Debug|Win32
		{012371CA-BD43-42DB-A558-E6758EE05D20}.Debug|Win32.ActiveCfg = Debug|Win32
		{012371CA-BD43-42DB-A558-E6758EE05D20}.Debug|Win32.Build.0 = Debug|Win32
		{012371CA-BD43-42DB-A558-E6758EE05D20}.Debug|x64.ActiveCfg = Debug|x64
		{012371CA-BD43-42DB-A558-E6758EE05D20}.Debug|x64.Build.0 = Debug|x64
		{012371CA-BD43-42DB-A558-E6758EE05D20}.Release|Any CPU.ActiveCfg = Release|Win32
		{012371CA-BD43-42DB-A558-E6758EE05D20}.Release|Win32.ActiveCfg = Release|Win32
		{012371CA-BD43-42DB-A558-E6758EE05D20}.Release|Win32.Build.0 = Release|Win32
		{012371CA-BD43-42DB-A558-E6758EE05D20}.Release|x64.ActiveCfg = Release|x64
		{012371CA-BD43-42DB-A558-E6758EE05D20}.Release|x64.Build.0 = Release|x64
	EndGlobalSection
	GlobalSection(SolutionProperties) = preSolution
		HideSolutionNode = FALSE
	EndGlobalSection
	GlobalSection(ExtensibilityGlobals) = postSolution
		SolutionGuid = {E1E93469-8361-426C-B2E2-3AC665540831}
	EndGlobalSection
EndGlobal
