<?xml version="1.0" encoding="utf-8"?>
<Project ToolsVersion="4.0" xmlns="http://schemas.microsoft.com/developer/msbuild/2003">
  <ItemGroup>
    <Filter Include="Файлы исходного кода">
      <UniqueIdentifier>{4FC737F1-C7A5-4376-A066-2A32D752A2FF}</UniqueIdentifier>
      <Extensions>cpp;c;cc;cxx;def;odl;idl;hpj;bat;asm;asmx</Extensions>
    </Filter>
    <Filter Include="Заголовочные файлы">
      <UniqueIdentifier>{93995380-89BD-4b04-88EB-625FBE52EBFB}</UniqueIdentifier>
      <Extensions>h;hpp;hxx;hm;inl;inc;xsd</Extensions>
    </Filter>
    <Filter Include="Файлы ресурсов">
      <UniqueIdentifier>{67DA6AB6-F800-4c08-8B7A-83BB121AAD01}</UniqueIdentifier>
      <Extensions>rc;ico;cur;bmp;dlg;rc2;rct;bin;rgs;gif;jpg;jpeg;jpe;resx;tiff;tif;png;wav;mfcribbon-ms</Extensions>
    </Filter>
    <Filter Include="Заголовочные файлы\GameEngine">
      <UniqueIdentifier>{4e9001c5-a237-4cef-837e-2f3e4f4e9b1e}</UniqueIdentifier>
    </Filter>
    <Filter Include="Заголовочные файлы\GameEngine\Structure">
      <UniqueIdentifier>{5f870253-926e-4954-bb3b-9c7778858faa}</UniqueIdentifier>
    </Filter>
  </ItemGroup>
  <ItemGroup>
    <ClInclude Include="src\MiteVox_Scene.h">
      <Filter>Заголовочные файлы\GameEngine\Structure</Filter>
    </ClInclude>
    <ClInclude Include="src\callbacks\NativeScript_Callbacks.h">
      <Filter>Заголовочные файлы</Filter>
    </ClInclude>
    <ClInclude Include="src\NativeScript.h">
      <Filter>Заголовочные файлы</Filter>
    </ClInclude>
    <ClInclude Include="src\callbacks\Model3D_Callbacks.h">
      <Filter>Заголовочные файлы</Filter>
    </ClInclude>
    <ClInclude Include="src\callbacks\Transform_Callbacks.h">
      <Filter>Заголовочные файлы</Filter>
    </ClInclude>
    <ClInclude Include="src\callbacks\AmbientLight_Callbacks.h">
      <Filter>Заголовочные файлы</Filter>
    </ClInclude>
    <ClInclude Include="src\callbacks\PointLight_Callbacks.h">
      <Filter>Заголовочные файлы</Filter>
    </ClInclude>
    <ClInclude Include="src\callbacks\DirectedLight_Callbacks.h">
      <Filter>Заголовочные файлы</Filter>
    </ClInclude>
    <ClInclude Include="src\callbacks\SpotLight_Callbacks.h">
      <Filter>Заголовочные файлы</Filter>
    </ClInclude>
    <ClInclude Include="src\MiteVox.h">
      <Filter>Заголовочные файлы\GameEngine</Filter>
    </ClInclude>
  </ItemGroup>
  <ItemGroup>
    <ClCompile Include="src\main.h">
      <Filter>Файлы исходного кода</Filter>
    </ClCompile>
  </ItemGroup>
</Project>