<?xml version="1.0" encoding="utf-8"?>
<Project ToolsVersion="4.0" xmlns="http://schemas.microsoft.com/developer/msbuild/2003">
  <ItemGroup>
    <Filter Include="Исходные файлы">
      <UniqueIdentifier>{4FC737F1-C7A5-4376-A066-2A32D752A2FF}</UniqueIdentifier>
      <Extensions>cpp;c;cc;cxx;c++;def;odl;idl;hpj;bat;asm;asmx</Extensions>
    </Filter>
    <Filter Include="Файлы заголовков">
      <UniqueIdentifier>{93995380-89BD-4b04-88EB-625FBE52EBFB}</UniqueIdentifier>
      <Extensions>h;hh;hpp;hxx;h++;hm;inl;inc;ipp;xsd</Extensions>
    </Filter>
    <Filter Include="Файлы ресурсов">
      <UniqueIdentifier>{67DA6AB6-F800-4c08-8B7A-83BB121AAD01}</UniqueIdentifier>
      <Extensions>rc;ico;cur;bmp;dlg;rc2;rct;bin;rgs;gif;jpg;jpeg;jpe;resx;tiff;tif;png;wav;mfcribbon-ms</Extensions>
    </Filter>
    <Filter Include="Файлы заголовков\Renderer">
      <UniqueIdentifier>{1fca362b-0546-4d43-a3b1-fa017122a779}</UniqueIdentifier>
    </Filter>
    <Filter Include="Файлы заголовков\Renderer\API">
      <UniqueIdentifier>{19805308-724a-4d39-a918-fc8f762c6b06}</UniqueIdentifier>
    </Filter>
    <Filter Include="Файлы заголовков\Renderer\RenderCPU">
      <UniqueIdentifier>{e64f0a8b-e50b-4e3a-938d-9f9630c465b9}</UniqueIdentifier>
    </Filter>
    <Filter Include="Файлы заголовков\Renderer\RenderOpenGL">
      <UniqueIdentifier>{e402d435-6dca-40dc-a7d9-97946022ce97}</UniqueIdentifier>
    </Filter>
  </ItemGroup>
  <ItemGroup>
    <ClInclude Include="src\RendererImplementations\RendererCPU\PrimitivesCPU.h">
      <Filter>Файлы заголовков</Filter>
    </ClInclude>
    <ClInclude Include="src\RendererImplementations\RendererCPU\RendererCPU.h">
      <Filter>Файлы заголовков</Filter>
    </ClInclude>
    <ClInclude Include="src\RendererImplementations\RendererOpenGL\RendererOpenGL.h">
      <Filter>Файлы заголовков</Filter>
    </ClInclude>
    <ClInclude Include="src\RendererImplementations\RendererOpenGL\ShaderOpenGL.h">
      <Filter>Файлы заголовков</Filter>
    </ClInclude>
    <ClInclude Include="src\implementations\RendererOpenGL\getErrorOpenGL.h">
      <Filter>Файлы заголовков</Filter>
    </ClInclude>
    <ClInclude Include="src\implementations\RendererOpenGL\ShaderOpenGL.h">
      <Filter>Файлы заголовков</Filter>
    </ClInclude>
    <ClInclude Include="src\RendererAPI\Renderer_API.h">
      <Filter>Файлы заголовков</Filter>
    </ClInclude>
    <ClInclude Include="src\RendererAPI\Renderer_Camera.h">
      <Filter>Файлы заголовков</Filter>
    </ClInclude>
    <ClInclude Include="src\RendererAPI\Renderer_ColorRGBA.h">
      <Filter>Файлы заголовков</Filter>
    </ClInclude>
    <ClInclude Include="src\RendererAPI\Renderer_Light.h">
      <Filter>Файлы заголовков</Filter>
    </ClInclude>
    <ClInclude Include="src\RendererAPI\Renderer_Material.h">
      <Filter>Файлы заголовков</Filter>
    </ClInclude>
    <ClInclude Include="src\RendererAPI\Renderer_Mesh3D.h">
      <Filter>Файлы заголовков</Filter>
    </ClInclude>
    <ClInclude Include="src\RendererAPI\Renderer_Model3D.h">
      <Filter>Файлы заголовков</Filter>
    </ClInclude>
    <ClInclude Include="src\RendererAPI\Renderer_Settings.h">
      <Filter>Файлы заголовков</Filter>
    </ClInclude>
    <ClInclude Include="src\RendererAPI\Renderer_Skybox.h">
      <Filter>Файлы заголовков</Filter>
    </ClInclude>
    <ClInclude Include="src\RendererAPI\Renderer_Primitives.h">
      <Filter>Файлы заголовков</Filter>
    </ClInclude>
    <ClInclude Include="src\implementations\RendererOpenGL\GeneralFunctions.h">
      <Filter>Файлы заголовков</Filter>
    </ClInclude>
    <ClInclude Include="src\implementations\RendererOpenGL\RendererOpenGL.h">
      <Filter>Файлы заголовков</Filter>
    </ClInclude>
    <ClInclude Include="src\implementations\RendererOpenGL\PrimitiveFunctions.h">
      <Filter>Файлы заголовков</Filter>
    </ClInclude>
    <ClInclude Include="src\implementations\RendererOpenGL\ModelFunctions.h">
      <Filter>Файлы заголовков</Filter>
    </ClInclude>
    <ClInclude Include="src\implementations\RendererOpenGL\GlobalData.h">
      <Filter>Файлы заголовков</Filter>
    </ClInclude>
    <ClInclude Include="src\RendererAPI\Renderer_Cubemap.h">
      <Filter>Файлы заголовков</Filter>
    </ClInclude>
  </ItemGroup>
  <ItemGroup>
    <None Include="shaders\skybox\skyboxShader.vert" />
    <None Include="shaders\basic\basicShader.vert" />
    <None Include="shaders\skybox\skyboxShader.frag" />
    <None Include="shaders\primitive\primitiveShader.frag" />
    <None Include="shaders\primitive\primitiveShader.vert" />
    <None Include="shaders\basic\basicShader.frag" />
  </ItemGroup>
  <ItemGroup>
    <ClCompile Include="src\RendererAPI\Renderer_Mesh3D.cpp">
      <Filter>Исходные файлы</Filter>
    </ClCompile>
    <ClCompile Include="src\RendererAPI\Renderer_Skybox.cpp">
      <Filter>Исходные файлы</Filter>
    </ClCompile>
    <ClCompile Include="src\implementations\RendererOpenGL\ModelFunctions.cpp">
      <Filter>Исходные файлы</Filter>
    </ClCompile>
    <ClCompile Include="src\implementations\RendererOpenGL\PrimitiveFunctions.cpp">
      <Filter>Исходные файлы</Filter>
    </ClCompile>
    <ClCompile Include="src\implementations\RendererOpenGL\GlobalData.cpp">
      <Filter>Исходные файлы</Filter>
    </ClCompile>
    <ClCompile Include="src\RendererAPI\Renderer_Cubemap.cpp">
      <Filter>Исходные файлы</Filter>
    </ClCompile>
  </ItemGroup>
</Project>